// !$*UTF8*$!
{
	archiveVersion = 1;
	classes = {
	};
	objectVersion = 56;
	objects = {

/* Begin PBXBuildFile section */
		4E1B00FA29023BA800A6364E /* AppDelegate.swift in Sources */ = {isa = PBXBuildFile; fileRef = 4E1B00F929023BA800A6364E /* AppDelegate.swift */; };
		4E1B00FC29023BA800A6364E /* SceneDelegate.swift in Sources */ = {isa = PBXBuildFile; fileRef = 4E1B00FB29023BA800A6364E /* SceneDelegate.swift */; };
		4E1B00FE29023BA800A6364E /* ViewController.swift in Sources */ = {isa = PBXBuildFile; fileRef = 4E1B00FD29023BA800A6364E /* ViewController.swift */; };
		4E1B010129023BA800A6364E /* Main.storyboard in Resources */ = {isa = PBXBuildFile; fileRef = 4E1B00FF29023BA800A6364E /* Main.storyboard */; };
		4E1B010329023BA900A6364E /* Assets.xcassets in Resources */ = {isa = PBXBuildFile; fileRef = 4E1B010229023BA900A6364E /* Assets.xcassets */; };
		4E1B010629023BA900A6364E /* LaunchScreen.storyboard in Resources */ = {isa = PBXBuildFile; fileRef = 4E1B010429023BA900A6364E /* LaunchScreen.storyboard */; };
		4E1B011129023BA900A6364E /* MomentsTests.swift in Sources */ = {isa = PBXBuildFile; fileRef = 4E1B011029023BA900A6364E /* MomentsTests.swift */; };
		4E1B011B29023BA900A6364E /* MomentsUITests.swift in Sources */ = {isa = PBXBuildFile; fileRef = 4E1B011A29023BA900A6364E /* MomentsUITests.swift */; };
		4E1B011D29023BA900A6364E /* MomentsUITestsLaunchTests.swift in Sources */ = {isa = PBXBuildFile; fileRef = 4E1B011C29023BA900A6364E /* MomentsUITestsLaunchTests.swift */; };
		4E1B012B29023C0000A6364E /* SQLite in Frameworks */ = {isa = PBXBuildFile; productRef = 4E1B012A29023C0000A6364E /* SQLite */; };
/* End PBXBuildFile section */

/* Begin PBXContainerItemProxy section */
		4E1B010D29023BA900A6364E /* PBXContainerItemProxy */ = {
			isa = PBXContainerItemProxy;
			containerPortal = 4E1B00EE29023BA800A6364E /* Project object */;
			proxyType = 1;
			remoteGlobalIDString = 4E1B00F529023BA800A6364E;
			remoteInfo = Moments;
		};
		4E1B011729023BA900A6364E /* PBXContainerItemProxy */ = {
			isa = PBXContainerItemProxy;
			containerPortal = 4E1B00EE29023BA800A6364E /* Project object */;
			proxyType = 1;
			remoteGlobalIDString = 4E1B00F529023BA800A6364E;
			remoteInfo = Moments;
		};
/* End PBXContainerItemProxy section */

/* Begin PBXFileReference section */
		4E1B00F629023BA800A6364E /* Moments.app */ = {isa = PBXFileReference; explicitFileType = wrapper.application; includeInIndex = 0; path = Moments.app; sourceTree = BUILT_PRODUCTS_DIR; };
		4E1B00F929023BA800A6364E /* AppDelegate.swift */ = {isa = PBXFileReference; lastKnownFileType = sourcecode.swift; path = AppDelegate.swift; sourceTree = "<group>"; };
		4E1B00FB29023BA800A6364E /* SceneDelegate.swift */ = {isa = PBXFileReference; lastKnownFileType = sourcecode.swift; path = SceneDelegate.swift; sourceTree = "<group>"; };
		4E1B00FD29023BA800A6364E /* ViewController.swift */ = {isa = PBXFileReference; lastKnownFileType = sourcecode.swift; path = ViewController.swift; sourceTree = "<group>"; };
		4E1B010029023BA800A6364E /* Base */ = {isa = PBXFileReference; lastKnownFileType = file.storyboard; name = Base; path = Base.lproj/Main.storyboard; sourceTree = "<group>"; };
		4E1B010229023BA900A6364E /* Assets.xcassets */ = {isa = PBXFileReference; lastKnownFileType = folder.assetcatalog; path = Assets.xcassets; sourceTree = "<group>"; };
		4E1B010529023BA900A6364E /* Base */ = {isa = PBXFileReference; lastKnownFileType = file.storyboard; name = Base; path = Base.lproj/LaunchScreen.storyboard; sourceTree = "<group>"; };
		4E1B010729023BA900A6364E /* Info.plist */ = {isa = PBXFileReference; lastKnownFileType = text.plist.xml; path = Info.plist; sourceTree = "<group>"; };
		4E1B010C29023BA900A6364E /* MomentsTests.xctest */ = {isa = PBXFileReference; explicitFileType = wrapper.cfbundle; includeInIndex = 0; path = MomentsTests.xctest; sourceTree = BUILT_PRODUCTS_DIR; };
		4E1B011029023BA900A6364E /* MomentsTests.swift */ = {isa = PBXFileReference; lastKnownFileType = sourcecode.swift; path = MomentsTests.swift; sourceTree = "<group>"; };
		4E1B011629023BA900A6364E /* MomentsUITests.xctest */ = {isa = PBXFileReference; explicitFileType = wrapper.cfbundle; includeInIndex = 0; path = MomentsUITests.xctest; sourceTree = BUILT_PRODUCTS_DIR; };
		4E1B011A29023BA900A6364E /* MomentsUITests.swift */ = {isa = PBXFileReference; lastKnownFileType = sourcecode.swift; path = MomentsUITests.swift; sourceTree = "<group>"; };
		4E1B011C29023BA900A6364E /* MomentsUITestsLaunchTests.swift */ = {isa = PBXFileReference; lastKnownFileType = sourcecode.swift; path = MomentsUITestsLaunchTests.swift; sourceTree = "<group>"; };
/* End PBXFileReference section */

/* Begin PBXFrameworksBuildPhase section */
		4E1B00F329023BA800A6364E /* Frameworks */ = {
			isa = PBXFrameworksBuildPhase;
			buildActionMask = 2147483647;
			files = (
				4E1B012B29023C0000A6364E /* SQLite in Frameworks */,
			);
			runOnlyForDeploymentPostprocessing = 0;
		};
		4E1B010929023BA900A6364E /* Frameworks */ = {
			isa = PBXFrameworksBuildPhase;
			buildActionMask = 2147483647;
			files = (
			);
			runOnlyForDeploymentPostprocessing = 0;
		};
		4E1B011329023BA900A6364E /* Frameworks */ = {
			isa = PBXFrameworksBuildPhase;
			buildActionMask = 2147483647;
			files = (
			);
			runOnlyForDeploymentPostprocessing = 0;
		};
/* End PBXFrameworksBuildPhase section */

/* Begin PBXGroup section */
		4E1B00ED29023BA800A6364E = {
			isa = PBXGroup;
			children = (
				4E1B00F829023BA800A6364E /* Moments */,
				4E1B010F29023BA900A6364E /* MomentsTests */,
				4E1B011929023BA900A6364E /* MomentsUITests */,
				4E1B00F729023BA800A6364E /* Products */,
			);
			sourceTree = "<group>";
		};
		4E1B00F729023BA800A6364E /* Products */ = {
			isa = PBXGroup;
			children = (
				4E1B00F629023BA800A6364E /* Moments.app */,
				4E1B010C29023BA900A6364E /* MomentsTests.xctest */,
				4E1B011629023BA900A6364E /* MomentsUITests.xctest */,
			);
			name = Products;
			sourceTree = "<group>";
		};
		4E1B00F829023BA800A6364E /* Moments */ = {
			isa = PBXGroup;
			children = (
				4E1B00F929023BA800A6364E /* AppDelegate.swift */,
				4E1B00FB29023BA800A6364E /* SceneDelegate.swift */,
				4E1B00FD29023BA800A6364E /* ViewController.swift */,
				4E1B00FF29023BA800A6364E /* Main.storyboard */,
				4E1B010229023BA900A6364E /* Assets.xcassets */,
				4E1B010429023BA900A6364E /* LaunchScreen.storyboard */,
				4E1B010729023BA900A6364E /* Info.plist */,
			);
			path = Moments;
			sourceTree = "<group>";
		};
		4E1B010F29023BA900A6364E /* MomentsTests */ = {
			isa = PBXGroup;
			children = (
				4E1B011029023BA900A6364E /* MomentsTests.swift */,
			);
			path = MomentsTests;
			sourceTree = "<group>";
		};
		4E1B011929023BA900A6364E /* MomentsUITests */ = {
			isa = PBXGroup;
			children = (
				4E1B011A29023BA900A6364E /* MomentsUITests.swift */,
				4E1B011C29023BA900A6364E /* MomentsUITestsLaunchTests.swift */,
			);
			path = MomentsUITests;
			sourceTree = "<group>";
		};
/* End PBXGroup section */

/* Begin PBXNativeTarget section */
		4E1B00F529023BA800A6364E /* Moments */ = {
			isa = PBXNativeTarget;
			buildConfigurationList = 4E1B012029023BA900A6364E /* Build configuration list for PBXNativeTarget "Moments" */;
			buildPhases = (
				4E1B00F229023BA800A6364E /* Sources */,
				4E1B00F329023BA800A6364E /* Frameworks */,
				4E1B00F429023BA800A6364E /* Resources */,
			);
			buildRules = (
			);
			dependencies = (
			);
			name = Moments;
			packageProductDependencies = (
				4E1B012A29023C0000A6364E /* SQLite */,
			);
			productName = Moments;
			productReference = 4E1B00F629023BA800A6364E /* Moments.app */;
			productType = "com.apple.product-type.application";
		};
		4E1B010B29023BA900A6364E /* MomentsTests */ = {
			isa = PBXNativeTarget;
			buildConfigurationList = 4E1B012329023BA900A6364E /* Build configuration list for PBXNativeTarget "MomentsTests" */;
			buildPhases = (
				4E1B010829023BA900A6364E /* Sources */,
				4E1B010929023BA900A6364E /* Frameworks */,
				4E1B010A29023BA900A6364E /* Resources */,
			);
			buildRules = (
			);
			dependencies = (
				4E1B010E29023BA900A6364E /* PBXTargetDependency */,
			);
			name = MomentsTests;
			productName = MomentsTests;
			productReference = 4E1B010C29023BA900A6364E /* MomentsTests.xctest */;
			productType = "com.apple.product-type.bundle.unit-test";
		};
		4E1B011529023BA900A6364E /* MomentsUITests */ = {
			isa = PBXNativeTarget;
			buildConfigurationList = 4E1B012629023BA900A6364E /* Build configuration list for PBXNativeTarget "MomentsUITests" */;
			buildPhases = (
				4E1B011229023BA900A6364E /* Sources */,
				4E1B011329023BA900A6364E /* Frameworks */,
				4E1B011429023BA900A6364E /* Resources */,
			);
			buildRules = (
			);
			dependencies = (
				4E1B011829023BA900A6364E /* PBXTargetDependency */,
			);
			name = MomentsUITests;
			productName = MomentsUITests;
			productReference = 4E1B011629023BA900A6364E /* MomentsUITests.xctest */;
			productType = "com.apple.product-type.bundle.ui-testing";
		};
/* End PBXNativeTarget section */

/* Begin PBXProject section */
		4E1B00EE29023BA800A6364E /* Project object */ = {
			isa = PBXProject;
			attributes = {
				BuildIndependentTargetsInParallel = 1;
				LastSwiftUpdateCheck = 1400;
				LastUpgradeCheck = 1400;
				TargetAttributes = {
					4E1B00F529023BA800A6364E = {
						CreatedOnToolsVersion = 14.0.1;
					};
					4E1B010B29023BA900A6364E = {
						CreatedOnToolsVersion = 14.0.1;
						TestTargetID = 4E1B00F529023BA800A6364E;
					};
					4E1B011529023BA900A6364E = {
						CreatedOnToolsVersion = 14.0.1;
						TestTargetID = 4E1B00F529023BA800A6364E;
					};
				};
			};
			buildConfigurationList = 4E1B00F129023BA800A6364E /* Build configuration list for PBXProject "Moments" */;
			compatibilityVersion = "Xcode 14.0";
			developmentRegion = en;
			hasScannedForEncodings = 0;
			knownRegions = (
				en,
				Base,
			);
			mainGroup = 4E1B00ED29023BA800A6364E;
			packageReferences = (
				4E1B012929023C0000A6364E /* XCRemoteSwiftPackageReference "SQLite.swift" */,
			);
			productRefGroup = 4E1B00F729023BA800A6364E /* Products */;
			projectDirPath = "";
			projectRoot = "";
			targets = (
				4E1B00F529023BA800A6364E /* Moments */,
				4E1B010B29023BA900A6364E /* MomentsTests */,
				4E1B011529023BA900A6364E /* MomentsUITests */,
			);
		};
/* End PBXProject section */

/* Begin PBXResourcesBuildPhase section */
		4E1B00F429023BA800A6364E /* Resources */ = {
			isa = PBXResourcesBuildPhase;
			buildActionMask = 2147483647;
			files = (
				4E1B010629023BA900A6364E /* LaunchScreen.storyboard in Resources */,
				4E1B010329023BA900A6364E /* Assets.xcassets in Resources */,
				4E1B010129023BA800A6364E /* Main.storyboard in Resources */,
			);
			runOnlyForDeploymentPostprocessing = 0;
		};
		4E1B010A29023BA900A6364E /* Resources */ = {
			isa = PBXResourcesBuildPhase;
			buildActionMask = 2147483647;
			files = (
			);
			runOnlyForDeploymentPostprocessing = 0;
		};
		4E1B011429023BA900A6364E /* Resources */ = {
			isa = PBXResourcesBuildPhase;
			buildActionMask = 2147483647;
			files = (
			);
			runOnlyForDeploymentPostprocessing = 0;
		};
/* End PBXResourcesBuildPhase section */

/* Begin PBXSourcesBuildPhase section */
		4E1B00F229023BA800A6364E /* Sources */ = {
			isa = PBXSourcesBuildPhase;
			buildActionMask = 2147483647;
			files = (
				4E1B00FE29023BA800A6364E /* ViewController.swift in Sources */,
				4E1B00FA29023BA800A6364E /* AppDelegate.swift in Sources */,
				4E1B00FC29023BA800A6364E /* SceneDelegate.swift in Sources */,
			);
			runOnlyForDeploymentPostprocessing = 0;
		};
		4E1B010829023BA900A6364E /* Sources */ = {
			isa = PBXSourcesBuildPhase;
			buildActionMask = 2147483647;
			files = (
				4E1B011129023BA900A6364E /* MomentsTests.swift in Sources */,
			);
			runOnlyForDeploymentPostprocessing = 0;
		};
		4E1B011229023BA900A6364E /* Sources */ = {
			isa = PBXSourcesBuildPhase;
			buildActionMask = 2147483647;
			files = (
				4E1B011D29023BA900A6364E /* MomentsUITestsLaunchTests.swift in Sources */,
				4E1B011B29023BA900A6364E /* MomentsUITests.swift in Sources */,
			);
			runOnlyForDeploymentPostprocessing = 0;
		};
/* End PBXSourcesBuildPhase section */

/* Begin PBXTargetDependency section */
		4E1B010E29023BA900A6364E /* PBXTargetDependency */ = {
			isa = PBXTargetDependency;
			target = 4E1B00F529023BA800A6364E /* Moments */;
			targetProxy = 4E1B010D29023BA900A6364E /* PBXContainerItemProxy */;
		};
		4E1B011829023BA900A6364E /* PBXTargetDependency */ = {
			isa = PBXTargetDependency;
			target = 4E1B00F529023BA800A6364E /* Moments */;
			targetProxy = 4E1B011729023BA900A6364E /* PBXContainerItemProxy */;
		};
/* End PBXTargetDependency section */

/* Begin PBXVariantGroup section */
		4E1B00FF29023BA800A6364E /* Main.storyboard */ = {
			isa = PBXVariantGroup;
			children = (
				4E1B010029023BA800A6364E /* Base */,
			);
			name = Main.storyboard;
			sourceTree = "<group>";
		};
		4E1B010429023BA900A6364E /* LaunchScreen.storyboard */ = {
			isa = PBXVariantGroup;
			children = (
				4E1B010529023BA900A6364E /* Base */,
			);
			name = LaunchScreen.storyboard;
			sourceTree = "<group>";
		};
/* End PBXVariantGroup section */

/* Begin XCBuildConfiguration section */
		4E1B011E29023BA900A6364E /* Debug */ = {
			isa = XCBuildConfiguration;
			buildSettings = {
				ALWAYS_SEARCH_USER_PATHS = NO;
				CLANG_ANALYZER_NONNULL = YES;
				CLANG_ANALYZER_NUMBER_OBJECT_CONVERSION = YES_AGGRESSIVE;
				CLANG_CXX_LANGUAGE_STANDARD = "gnu++20";
				CLANG_ENABLE_MODULES = YES;
				CLANG_ENABLE_OBJC_ARC = YES;
				CLANG_ENABLE_OBJC_WEAK = YES;
				CLANG_WARN_BLOCK_CAPTURE_AUTORELEASING = YES;
				CLANG_WARN_BOOL_CONVERSION = YES;
				CLANG_WARN_COMMA = YES;
				CLANG_WARN_CONSTANT_CONVERSION = YES;
				CLANG_WARN_DEPRECATED_OBJC_IMPLEMENTATIONS = YES;
				CLANG_WARN_DIRECT_OBJC_ISA_USAGE = YES_ERROR;
				CLANG_WARN_DOCUMENTATION_COMMENTS = YES;
				CLANG_WARN_EMPTY_BODY = YES;
				CLANG_WARN_ENUM_CONVERSION = YES;
				CLANG_WARN_INFINITE_RECURSION = YES;
				CLANG_WARN_INT_CONVERSION = YES;
				CLANG_WARN_NON_LITERAL_NULL_CONVERSION = YES;
				CLANG_WARN_OBJC_IMPLICIT_RETAIN_SELF = YES;
				CLANG_WARN_OBJC_LITERAL_CONVERSION = YES;
				CLANG_WARN_OBJC_ROOT_CLASS = YES_ERROR;
				CLANG_WARN_QUOTED_INCLUDE_IN_FRAMEWORK_HEADER = YES;
				CLANG_WARN_RANGE_LOOP_ANALYSIS = YES;
				CLANG_WARN_STRICT_PROTOTYPES = YES;
				CLANG_WARN_SUSPICIOUS_MOVE = YES;
				CLANG_WARN_UNGUARDED_AVAILABILITY = YES_AGGRESSIVE;
				CLANG_WARN_UNREACHABLE_CODE = YES;
				CLANG_WARN__DUPLICATE_METHOD_MATCH = YES;
				COPY_PHASE_STRIP = NO;
				DEBUG_INFORMATION_FORMAT = dwarf;
				ENABLE_STRICT_OBJC_MSGSEND = YES;
				ENABLE_TESTABILITY = YES;
				GCC_C_LANGUAGE_STANDARD = gnu11;
				GCC_DYNAMIC_NO_PIC = NO;
				GCC_NO_COMMON_BLOCKS = YES;
				GCC_OPTIMIZATION_LEVEL = 0;
				GCC_PREPROCESSOR_DEFINITIONS = (
					"DEBUG=1",
					"$(inherited)",
				);
				GCC_WARN_64_TO_32_BIT_CONVERSION = YES;
				GCC_WARN_ABOUT_RETURN_TYPE = YES_ERROR;
				GCC_WARN_UNDECLARED_SELECTOR = YES;
				GCC_WARN_UNINITIALIZED_AUTOS = YES_AGGRESSIVE;
				GCC_WARN_UNUSED_FUNCTION = YES;
				GCC_WARN_UNUSED_VARIABLE = YES;
				IPHONEOS_DEPLOYMENT_TARGET = 16.0;
				MTL_ENABLE_DEBUG_INFO = INCLUDE_SOURCE;
				MTL_FAST_MATH = YES;
				ONLY_ACTIVE_ARCH = YES;
				SDKROOT = iphoneos;
				SWIFT_ACTIVE_COMPILATION_CONDITIONS = DEBUG;
				SWIFT_OPTIMIZATION_LEVEL = "-Onone";
			};
			name = Debug;
		};
		4E1B011F29023BA900A6364E /* Release */ = {
			isa = XCBuildConfiguration;
			buildSettings = {
				ALWAYS_SEARCH_USER_PATHS = NO;
				CLANG_ANALYZER_NONNULL = YES;
				CLANG_ANALYZER_NUMBER_OBJECT_CONVERSION = YES_AGGRESSIVE;
				CLANG_CXX_LANGUAGE_STANDARD = "gnu++20";
				CLANG_ENABLE_MODULES = YES;
				CLANG_ENABLE_OBJC_ARC = YES;
				CLANG_ENABLE_OBJC_WEAK = YES;
				CLANG_WARN_BLOCK_CAPTURE_AUTORELEASING = YES;
				CLANG_WARN_BOOL_CONVERSION = YES;
				CLANG_WARN_COMMA = YES;
				CLANG_WARN_CONSTANT_CONVERSION = YES;
				CLANG_WARN_DEPRECATED_OBJC_IMPLEMENTATIONS = YES;
				CLANG_WARN_DIRECT_OBJC_ISA_USAGE = YES_ERROR;
				CLANG_WARN_DOCUMENTATION_COMMENTS = YES;
				CLANG_WARN_EMPTY_BODY = YES;
				CLANG_WARN_ENUM_CONVERSION = YES;
				CLANG_WARN_INFINITE_RECURSION = YES;
				CLANG_WARN_INT_CONVERSION = YES;
				CLANG_WARN_NON_LITERAL_NULL_CONVERSION = YES;
				CLANG_WARN_OBJC_IMPLICIT_RETAIN_SELF = YES;
				CLANG_WARN_OBJC_LITERAL_CONVERSION = YES;
				CLANG_WARN_OBJC_ROOT_CLASS = YES_ERROR;
				CLANG_WARN_QUOTED_INCLUDE_IN_FRAMEWORK_HEADER = YES;
				CLANG_WARN_RANGE_LOOP_ANALYSIS = YES;
				CLANG_WARN_STRICT_PROTOTYPES = YES;
				CLANG_WARN_SUSPICIOUS_MOVE = YES;
				CLANG_WARN_UNGUARDED_AVAILABILITY = YES_AGGRESSIVE;
				CLANG_WARN_UNREACHABLE_CODE = YES;
				CLANG_WARN__DUPLICATE_METHOD_MATCH = YES;
				COPY_PHASE_STRIP = NO;
				DEBUG_INFORMATION_FORMAT = "dwarf-with-dsym";
				ENABLE_NS_ASSERTIONS = NO;
				ENABLE_STRICT_OBJC_MSGSEND = YES;
				GCC_C_LANGUAGE_STANDARD = gnu11;
				GCC_NO_COMMON_BLOCKS = YES;
				GCC_WARN_64_TO_32_BIT_CONVERSION = YES;
				GCC_WARN_ABOUT_RETURN_TYPE = YES_ERROR;
				GCC_WARN_UNDECLARED_SELECTOR = YES;
				GCC_WARN_UNINITIALIZED_AUTOS = YES_AGGRESSIVE;
				GCC_WARN_UNUSED_FUNCTION = YES;
				GCC_WARN_UNUSED_VARIABLE = YES;
				IPHONEOS_DEPLOYMENT_TARGET = 16.0;
				MTL_ENABLE_DEBUG_INFO = NO;
				MTL_FAST_MATH = YES;
				SDKROOT = iphoneos;
				SWIFT_COMPILATION_MODE = wholemodule;
				SWIFT_OPTIMIZATION_LEVEL = "-O";
				VALIDATE_PRODUCT = YES;
			};
			name = Release;
		};
		4E1B012129023BA900A6364E /* Debug */ = {
			isa = XCBuildConfiguration;
			buildSettings = {
				ASSETCATALOG_COMPILER_APPICON_NAME = AppIcon;
				ASSETCATALOG_COMPILER_GLOBAL_ACCENT_COLOR_NAME = AccentColor;
				CODE_SIGN_STYLE = Automatic;
				CURRENT_PROJECT_VERSION = 1;
				GENERATE_INFOPLIST_FILE = YES;
				INFOPLIST_FILE = Moments/Info.plist;
				INFOPLIST_KEY_UIApplicationSupportsIndirectInputEvents = YES;
				INFOPLIST_KEY_UILaunchStoryboardName = LaunchScreen;
				INFOPLIST_KEY_UIMainStoryboardFile = Main;
				INFOPLIST_KEY_UISupportedInterfaceOrientations_iPad = "UIInterfaceOrientationPortrait UIInterfaceOrientationPortraitUpsideDown UIInterfaceOrientationLandscapeLeft UIInterfaceOrientationLandscapeRight";
				INFOPLIST_KEY_UISupportedInterfaceOrientations_iPhone = "UIInterfaceOrientationPortrait UIInterfaceOrientationLandscapeLeft UIInterfaceOrientationLandscapeRight";
				LD_RUNPATH_SEARCH_PATHS = (
					"$(inherited)",
					"@executable_path/Frameworks",
				);
				MARKETING_VERSION = 1.0;
				PRODUCT_BUNDLE_IDENTIFIER = f.Moments;
				PRODUCT_NAME = "$(TARGET_NAME)";
				SWIFT_EMIT_LOC_STRINGS = YES;
				SWIFT_VERSION = 5.0;
				TARGETED_DEVICE_FAMILY = "1,2";
			};
			name = Debug;
		};
		4E1B012229023BA900A6364E /* Release */ = {
			isa = XCBuildConfiguration;
			buildSettings = {
				ASSETCATALOG_COMPILER_APPICON_NAME = AppIcon;
				ASSETCATALOG_COMPILER_GLOBAL_ACCENT_COLOR_NAME = AccentColor;
				CODE_SIGN_STYLE = Automatic;
				CURRENT_PROJECT_VERSION = 1;
				GENERATE_INFOPLIST_FILE = YES;
				INFOPLIST_FILE = Moments/Info.plist;
				INFOPLIST_KEY_UIApplicationSupportsIndirectInputEvents = YES;
				INFOPLIST_KEY_UILaunchStoryboardName = LaunchScreen;
				INFOPLIST_KEY_UIMainStoryboardFile = Main;
				INFOPLIST_KEY_UISupportedInterfaceOrientations_iPad = "UIInterfaceOrientationPortrait UIInterfaceOrientationPortraitUpsideDown UIInterfaceOrientationLandscapeLeft UIInterfaceOrientationLandscapeRight";
				INFOPLIST_KEY_UISupportedInterfaceOrientations_iPhone = "UIInterfaceOrientationPortrait UIInterfaceOrientationLandscapeLeft UIInterfaceOrientationLandscapeRight";
				LD_RUNPATH_SEARCH_PATHS = (
					"$(inherited)",
					"@executable_path/Frameworks",
				);
				MARKETING_VERSION = 1.0;
				PRODUCT_BUNDLE_IDENTIFIER = f.Moments;
				PRODUCT_NAME = "$(TARGET_NAME)";
				SWIFT_EMIT_LOC_STRINGS = YES;
				SWIFT_VERSION = 5.0;
				TARGETED_DEVICE_FAMILY = "1,2";
			};
			name = Release;
		};
		4E1B012429023BA900A6364E /* Debug */ = {
			isa = XCBuildConfiguration;
			buildSettings = {
				ALWAYS_EMBED_SWIFT_STANDARD_LIBRARIES = YES;
				BUNDLE_LOADER = "$(TEST_HOST)";
				CODE_SIGN_STYLE = Automatic;
				CURRENT_PROJECT_VERSION = 1;
				GENERATE_INFOPLIST_FILE = YES;
				IPHONEOS_DEPLOYMENT_TARGET = 16.0;
				MARKETING_VERSION = 1.0;
				PRODUCT_BUNDLE_IDENTIFIER = f.MomentsTests;
				PRODUCT_NAME = "$(TARGET_NAME)";
				SWIFT_EMIT_LOC_STRINGS = NO;
				SWIFT_VERSION = 5.0;
				TARGETED_DEVICE_FAMILY = "1,2";
				TEST_HOST = "$(BUILT_PRODUCTS_DIR)/Moments.app/$(BUNDLE_EXECUTABLE_FOLDER_PATH)/Moments";
			};
			name = Debug;
		};
		4E1B012529023BA900A6364E /* Release */ = {
			isa = XCBuildConfiguration;
			buildSettings = {
				ALWAYS_EMBED_SWIFT_STANDARD_LIBRARIES = YES;
				BUNDLE_LOADER = "$(TEST_HOST)";
				CODE_SIGN_STYLE = Automatic;
				CURRENT_PROJECT_VERSION = 1;
				GENERATE_INFOPLIST_FILE = YES;
				IPHONEOS_DEPLOYMENT_TARGET = 16.0;
				MARKETING_VERSION = 1.0;
				PRODUCT_BUNDLE_IDENTIFIER = f.MomentsTests;
				PRODUCT_NAME = "$(TARGET_NAME)";
				SWIFT_EMIT_LOC_STRINGS = NO;
				SWIFT_VERSION = 5.0;
				TARGETED_DEVICE_FAMILY = "1,2";
				TEST_HOST = "$(BUILT_PRODUCTS_DIR)/Moments.app/$(BUNDLE_EXECUTABLE_FOLDER_PATH)/Moments";
			};
			name = Release;
		};
		4E1B012729023BA900A6364E /* Debug */ = {
			isa = XCBuildConfiguration;
			buildSettings = {
				ALWAYS_EMBED_SWIFT_STANDARD_LIBRARIES = YES;
				CODE_SIGN_STYLE = Automatic;
				CURRENT_PROJECT_VERSION = 1;
				GENERATE_INFOPLIST_FILE = YES;
				MARKETING_VERSION = 1.0;
				PRODUCT_BUNDLE_IDENTIFIER = f.MomentsUITests;
				PRODUCT_NAME = "$(TARGET_NAME)";
				SWIFT_EMIT_LOC_STRINGS = NO;
				SWIFT_VERSION = 5.0;
				TARGETED_DEVICE_FAMILY = "1,2";
				TEST_TARGET_NAME = Moments;
			};
			name = Debug;
		};
		4E1B012829023BA900A6364E /* Release */ = {
			isa = XCBuildConfiguration;
			buildSettings = {
				ALWAYS_EMBED_SWIFT_STANDARD_LIBRARIES = YES;
				CODE_SIGN_STYLE = Automatic;
				CURRENT_PROJECT_VERSION = 1;
				GENERATE_INFOPLIST_FILE = YES;
				MARKETING_VERSION = 1.0;
				PRODUCT_BUNDLE_IDENTIFIER = f.MomentsUITests;
				PRODUCT_NAME = "$(TARGET_NAME)";
				SWIFT_EMIT_LOC_STRINGS = NO;
				SWIFT_VERSION = 5.0;
				TARGETED_DEVICE_FAMILY = "1,2";
				TEST_TARGET_NAME = Moments;
			};
			name = Release;
		};
/* End XCBuildConfiguration section */

/* Begin XCConfigurationList section */
		4E1B00F129023BA800A6364E /* Build configuration list for PBXProject "Moments" */ = {
			isa = XCConfigurationList;
			buildConfigurations = (
				4E1B011E29023BA900A6364E /* Debug */,
				4E1B011F29023BA900A6364E /* Release */,
			);
			defaultConfigurationIsVisible = 0;
			defaultConfigurationName = Release;
		};
		4E1B012029023BA900A6364E /* Build configuration list for PBXNativeTarget "Moments" */ = {
			isa = XCConfigurationList;
			buildConfigurations = (
				4E1B012129023BA900A6364E /* Debug */,
				4E1B012229023BA900A6364E /* Release */,
			);
			defaultConfigurationIsVisible = 0;
			defaultConfigurationName = Release;
		};
		4E1B012329023BA900A6364E /* Build configuration list for PBXNativeTarget "MomentsTests" */ = {
			isa = XCConfigurationList;
			buildConfigurations = (
				4E1B012429023BA900A6364E /* Debug */,
				4E1B012529023BA900A6364E /* Release */,
			);
			defaultConfigurationIsVisible = 0;
			defaultConfigurationName = Release;
		};
		4E1B012629023BA900A6364E /* Build configuration list for PBXNativeTarget "MomentsUITests" */ = {
			isa = XCConfigurationList;
			buildConfigurations = (
				4E1B012729023BA900A6364E /* Debug */,
				4E1B012829023BA900A6364E /* Release */,
			);
			defaultConfigurationIsVisible = 0;
			defaultConfigurationName = Release;
		};
/* End XCConfigurationList section */

/* Begin XCRemoteSwiftPackageReference section */
		4E1B012929023C0000A6364E /* XCRemoteSwiftPackageReference "SQLite.swift" */ = {
			isa = XCRemoteSwiftPackageReference;
			repositoryURL = "https://github.com/stephencelis/SQLite.swift.git";
			requirement = {
				kind = upToNextMajorVersion;
				minimumVersion = 0.9.2;
			};
		};
/* End XCRemoteSwiftPackageReference section */

/* Begin XCSwiftPackageProductDependency section */
		4E1B012A29023C0000A6364E /* SQLite */ = {
			isa = XCSwiftPackageProductDependency;
			package = 4E1B012929023C0000A6364E /* XCRemoteSwiftPackageReference "SQLite.swift" */;
			productName = SQLite;
		};
/* End XCSwiftPackageProductDependency section */
	};
	rootObject = 4E1B00EE29023BA800A6364E /* Project object */;
}
